
Microsoft Visual Studio Solution File, Format Version 12.00
# Visual Studio Version 17
VisualStudioVersion = 17.10.35027.167
MinimumVisualStudioVersion = 10.0.40219.1
Project("{9092AA53-FB77-4645-B42D-1CCCA6BD08BD}") = "RoguelikeJavascript", "RoguelikeJavascript\RoguelikeJavascript.njsproj", "{2BCCAC2F-5991-4BFE-99C0-0DAB91302126}"
EndProject
Global
	GlobalSection(SolutionConfigurationPlatforms) = preSolution
		Debug|Any CPU = Debug|Any CPU
		Release|Any CPU = Release|Any CPU
	EndGlobalSection
	GlobalSection(ProjectConfigurationPlatforms) = postSolution
		{2BCCAC2F-5991-4BFE-99C0-0DAB91302126}.Debug|Any CPU.ActiveCfg = Debug|Any CPU
		{2BCCAC2F-5991-4BFE-99C0-0DAB91302126}.Debug|Any CPU.Build.0 = Debug|Any CPU
		{2BCCAC2F-5991-4BFE-99C0-0DAB91302126}.Release|Any CPU.ActiveCfg = Release|Any CPU
		{2BCCAC2F-5991-4BFE-99C0-0DAB91302126}.Release|Any CPU.Build.0 = Release|Any CPU
	EndGlobalSection
	GlobalSection(SolutionProperties) = preSolution
		HideSolutionNode = FALSE
	EndGlobalSection
	GlobalSection(ExtensibilityGlobals) = postSolution
		SolutionGuid = {357A0AB4-7B98-49E9-B7AE-198BF26C101B}
	EndGlobalSection
EndGlobal
